
Microsoft Visual Studio Solution File, Format Version 12.00
# Visual Studio Version 16
VisualStudioVersion = 16.0.31410.357
MinimumVisualStudioVersion = 10.0.40219.1
Project("{FAE04EC0-301F-11D3-BF4B-00C04F79EFBC}") = "AspNetCoreMVC01", "AspNetCoreMVC01\AspNetCoreMVC01.csproj", "{1A9AC1E7-F649-4F83-9731-3EFEF143DED6}"
EndProject
Global
	GlobalSection(SolutionConfigurationPlatforms) = preSolution
		Debug|Any CPU = Debug|Any CPU
		Release|Any CPU = Release|Any CPU
	EndGlobalSection
	GlobalSection(ProjectConfigurationPlatforms) = postSolution
		{1A9AC1E7-F649-4F83-9731-3EFEF143DED6}.Debug|Any CPU.ActiveCfg = Debug|Any CPU
		{1A9AC1E7-F649-4F83-9731-3EFEF143DED6}.Debug|Any CPU.Build.0 = Debug|Any CPU
		{1A9AC1E7-F649-4F83-9731-3EFEF143DED6}.Release|Any CPU.ActiveCfg = Release|Any CPU
		{1A9AC1E7-F649-4F83-9731-3EFEF143DED6}.Release|Any CPU.Build.0 = Release|Any CPU
	EndGlobalSection
	GlobalSection(SolutionProperties) = preSolution
		HideSolutionNode = FALSE
	EndGlobalSection
	GlobalSection(ExtensibilityGlobals) = postSolution
		SolutionGuid = {FE028206-900A-4419-A037-E6851FF94E64}
	EndGlobalSection
EndGlobal
